<?xml version="1.0" encoding="UTF-8" standalone="yes" ?>
<CodeBlocks_project_file>
	<FileVersion major="1" minor="6" />
	<Project>
		<Option title="CSP" />
		<Option makefile_is_custom="1" />
		<Option pch_mode="2" />
		<Option compiler="cygwin" />
		<Build>
			<Target title="Debug">
				<Option output="bin/Debug/CSP" prefix_auto="1" extension_auto="1" />
				<Option object_output="obj/Debug/" />
				<Option type="1" />
				<Option compiler="cygwin" />
				<Compiler>
					<Add option="-g" />
				</Compiler>
			</Target>
			<Target title="Release">
				<Option output="bin/Release/CSP" prefix_auto="1" extension_auto="1" />
				<Option object_output="obj/Release/" />
				<Option type="1" />
				<Option compiler="cygwin" />
				<Compiler>
					<Add option="-O2" />
				</Compiler>
			</Target>
			<Target title="example">
				<Option output="example" prefix_auto="1" extension_auto="1" />
				<Option type="1" />
				<Option compiler="cygwin" />
				<MakeCommands>
					<Build command="$make -f $makefile $target" />
					<CompileFile command="$make -f $makefile $file" />
					<Clean command="$make -f $makefile clean" />
					<DistClean command="$make -f $makefile distclean$target" />
					<AskRebuildNeeded command="$make -q -f $makefile $target" />
					<SilentBuild command="$make -f $makefile $target &gt; $(CMD_NULL)" />
				</MakeCommands>
			</Target>
			<Target title="simple">
				<Option output="simple" prefix_auto="1" extension_auto="1" />
				<Option type="1" />
				<Option compiler="cygwin" />
				<MakeCommands>
					<Build command="$make -f $makefile $target" />
					<CompileFile command="$make -f $makefile $file" />
					<Clean command="$make -f $makefile clean" />
					<DistClean command="$make -f $makefile distclean$target" />
					<AskRebuildNeeded command="$make -q -f $makefile $target" />
					<SilentBuild command="$make -f $makefile $target &gt; $(CMD_NULL)" />
				</MakeCommands>
			</Target>
			<Target title="queen-28-dfs">
				<Option output="queen-28-dfs" prefix_auto="1" extension_auto="1" />
				<Option type="1" />
				<Option compiler="cygwin" />
				<MakeCommands>
					<Build command="$make -f $makefile $target" />
					<CompileFile command="$make -f $makefile $file" />
					<Clean command="$make -f $makefile clean" />
					<DistClean command="$make -f $makefile distclean$target" />
					<AskRebuildNeeded command="$make -q -f $makefile $target" />
					<SilentBuild command="$make -f $makefile $target &gt; $(CMD_NULL)" />
				</MakeCommands>
			</Target>
			<Target title="queen-4-dfs">
				<Option output="queen-4-dfs" prefix_auto="1" extension_auto="1" />
				<Option type="1" />
				<Option compiler="cygwin" />
				<MakeCommands>
					<Build command="$make -f $makefile $target" />
					<CompileFile command="$make -f $makefile $file" />
					<Clean command="$make -f $makefile clean" />
					<DistClean command="$make -f $makefile distclean$target" />
					<AskRebuildNeeded command="$make -q -f $makefile $target" />
					<SilentBuild command="$make -f $makefile $target &gt; $(CMD_NULL)" />
				</MakeCommands>
			</Target>
			<Target title="queen-8-dfs">
				<Option output="queen-8-dfs" prefix_auto="1" extension_auto="1" />
				<Option type="1" />
				<Option compiler="cygwin" />
				<MakeCommands>
					<Build command="$make -f $makefile $target" />
					<CompileFile command="$make -f $makefile $file" />
					<Clean command="$make -f $makefile clean" />
					<DistClean command="$make -f $makefile distclean$target" />
					<AskRebuildNeeded command="$make -q -f $makefile $target" />
					<SilentBuild command="$make -f $makefile $target &gt; $(CMD_NULL)" />
				</MakeCommands>
			</Target>
			<Target title="queen-4-fc">
				<Option output="queen-4-fc" prefix_auto="1" extension_auto="1" />
				<Option type="1" />
				<Option compiler="cygwin" />
				<MakeCommands>
					<Build command="$make -f $makefile $target" />
					<CompileFile command="$make -f $makefile $file" />
					<Clean command="$make -f $makefile clean" />
					<DistClean command="$make -f $makefile distclean$target" />
					<AskRebuildNeeded command="$make -q -f $makefile $target" />
					<SilentBuild command="$make -f $makefile $target &gt; $(CMD_NULL)" />
				</MakeCommands>
			</Target>
		</Build>
		<Compiler>
			<Add option="-Wall" />
		</Compiler>
		<Unit filename="contraints.cpp">
			<Option target="Debug" />
			<Option target="Release" />
		</Unit>
		<Unit filename="contraints.graph.cpp">
			<Option target="Debug" />
			<Option target="Release" />
		</Unit>
		<Unit filename="contraints.graph.h">
			<Option target="Debug" />
			<Option target="Release" />
		</Unit>
		<Unit filename="contraints.h">
			<Option target="Debug" />
			<Option target="Release" />
		</Unit>
		<Unit filename="csp.cpp" />
		<Unit filename="csp.h">
			<Option target="Debug" />
			<Option target="Release" />
		</Unit>
		<Unit filename="handout.txt">
			<Option target="Debug" />
			<Option target="Release" />
		</Unit>
		<Unit filename="main.cpp">
			<Option target="Debug" />
			<Option target="Release" />
		</Unit>
		<Unit filename="variable.cpp">
			<Option target="Debug" />
			<Option target="Release" />
		</Unit>
		<Unit filename="variable.h">
			<Option target="Debug" />
			<Option target="Release" />
		</Unit>
		<Unit filename="variable.inl">
			<Option target="Debug" />
			<Option target="Release" />
		</Unit>
		<Extensions>
			<code_completion />
			<envvars />
			<debugger />
		</Extensions>
	</Project>
</CodeBlocks_project_file>
